
Microsoft Visual Studio Solution File, Format Version 12.00
# Visual Studio Version 17
VisualStudioVersion = 17.9.34723.18
MinimumVisualStudioVersion = 10.0.40219.1
Project("{9A19103F-16F7-4668-BE54-9A1E7A4F7556}") = "prueba_tecnica", "prueba_tecnica\prueba_tecnica.csproj", "{189ECEF9-4BE1-4980-931B-55AC0C074B94}"
EndProject
Project("{E53339B2-1760-4266-BCC7-CA923CBCF16C}") = "docker-compose", "docker-compose.dcproj", "{3280A06D-782B-423C-8B90-1342A5E73ADB}"
EndProject
Global
	GlobalSection(SolutionConfigurationPlatforms) = preSolution
		Debug|Any CPU = Debug|Any CPU
		Release|Any CPU = Release|Any CPU
	EndGlobalSection
	GlobalSection(ProjectConfigurationPlatforms) = postSolution
		{189ECEF9-4BE1-4980-931B-55AC0C074B94}.Debug|Any CPU.ActiveCfg = Debug|Any CPU
		{189ECEF9-4BE1-4980-931B-55AC0C074B94}.Debug|Any CPU.Build.0 = Debug|Any CPU
		{189ECEF9-4BE1-4980-931B-55AC0C074B94}.Release|Any CPU.ActiveCfg = Release|Any CPU
		{189ECEF9-4BE1-4980-931B-55AC0C074B94}.Release|Any CPU.Build.0 = Release|Any CPU
		{3280A06D-782B-423C-8B90-1342A5E73ADB}.Debug|Any CPU.ActiveCfg = Debug|Any CPU
		{3280A06D-782B-423C-8B90-1342A5E73ADB}.Debug|Any CPU.Build.0 = Debug|Any CPU
		{3280A06D-782B-423C-8B90-1342A5E73ADB}.Release|Any CPU.ActiveCfg = Release|Any CPU
		{3280A06D-782B-423C-8B90-1342A5E73ADB}.Release|Any CPU.Build.0 = Release|Any CPU
	EndGlobalSection
	GlobalSection(SolutionProperties) = preSolution
		HideSolutionNode = FALSE
	EndGlobalSection
	GlobalSection(ExtensibilityGlobals) = postSolution
		SolutionGuid = {31FE95F6-D92F-472E-B980-3FE8785C4B62}
	EndGlobalSection
EndGlobal
